
Microsoft Visual Studio Solution File, Format Version 12.00
# Visual Studio Version 16
VisualStudioVersion = 16.0.808.7
MinimumVisualStudioVersion = 10.0.40219.1
Project("{FAE04EC0-301F-11D3-BF4B-00C04F79EFBC}") = "DesignPattern-多态", "DesignPattern-多态\DesignPattern-多态.csproj", "{28617C87-3985-4941-8C08-5E71ACD85508}"
EndProject
Project("{FAE04EC0-301F-11D3-BF4B-00C04F79EFBC}") = "DesignPattern-Transport-Example", "DesignPattern-Transport-Example\DesignPattern-Transport-Example.csproj", "{19A0EAE3-DB26-4F69-9DF9-1B2993E37AF7}"
EndProject
Project("{FAE04EC0-301F-11D3-BF4B-00C04F79EFBC}") = "SingleResponsibility", "SingleResponsibility\SingleResponsibility.csproj", "{70F50FB8-CE9F-496D-87BD-B87EA65C3349}"
EndProject
Global
	GlobalSection(SolutionConfigurationPlatforms) = preSolution
		Debug|Any CPU = Debug|Any CPU
		Release|Any CPU = Release|Any CPU
	EndGlobalSection
	GlobalSection(ProjectConfigurationPlatforms) = postSolution
		{28617C87-3985-4941-8C08-5E71ACD85508}.Debug|Any CPU.ActiveCfg = Debug|Any CPU
		{28617C87-3985-4941-8C08-5E71ACD85508}.Debug|Any CPU.Build.0 = Debug|Any CPU
		{28617C87-3985-4941-8C08-5E71ACD85508}.Release|Any CPU.ActiveCfg = Release|Any CPU
		{28617C87-3985-4941-8C08-5E71ACD85508}.Release|Any CPU.Build.0 = Release|Any CPU
		{19A0EAE3-DB26-4F69-9DF9-1B2993E37AF7}.Debug|Any CPU.ActiveCfg = Debug|Any CPU
		{19A0EAE3-DB26-4F69-9DF9-1B2993E37AF7}.Debug|Any CPU.Build.0 = Debug|Any CPU
		{19A0EAE3-DB26-4F69-9DF9-1B2993E37AF7}.Release|Any CPU.ActiveCfg = Release|Any CPU
		{19A0EAE3-DB26-4F69-9DF9-1B2993E37AF7}.Release|Any CPU.Build.0 = Release|Any CPU
		{70F50FB8-CE9F-496D-87BD-B87EA65C3349}.Debug|Any CPU.ActiveCfg = Debug|Any CPU
		{70F50FB8-CE9F-496D-87BD-B87EA65C3349}.Debug|Any CPU.Build.0 = Debug|Any CPU
		{70F50FB8-CE9F-496D-87BD-B87EA65C3349}.Release|Any CPU.ActiveCfg = Release|Any CPU
		{70F50FB8-CE9F-496D-87BD-B87EA65C3349}.Release|Any CPU.Build.0 = Release|Any CPU
	EndGlobalSection
	GlobalSection(SolutionProperties) = preSolution
		HideSolutionNode = FALSE
	EndGlobalSection
	GlobalSection(ExtensibilityGlobals) = postSolution
		SolutionGuid = {D0ADC3DC-258B-49D0-ABC4-90E40E91A91B}
	EndGlobalSection
EndGlobal
